{
  "name": "fs-json-db",
  "version": "0.0.8",
  "lockfileVersion": 2,
  "requires": true,
  "packages": {
    "": {
      "name": "fs-json-db",
      "version": "0.0.8",
      "license": "Unlicense",
      "dependencies": {
        "encryptosumsimple": "^0.1.5",
        "readline": "^1.3.0"
      }
    },
    "node_modules/encryptosumsimple": {
      "version": "0.1.5",
      "resolved": "https://registry.npmjs.org/encryptosumsimple/-/encryptosumsimple-0.1.5.tgz",
      "integrity": "sha512-vSNEH15eTSN4TVYCUe770L+n0ba1t78tWy6qegeirZfZT2H9SLyOjLbicwR57+3o95NrwrhWBdgwVKfyiMP5fA=="
    },
    "node_modules/readline": {
      "version": "1.3.0",
      "resolved": "https://registry.npmjs.org/readline/-/readline-1.3.0.tgz",
      "integrity": "sha512-k2d6ACCkiNYz222Fs/iNze30rRJ1iIicW7JuX/7/cozvih6YCkFZH+J6mAFDVgv0dRBaAyr4jDqC95R2y4IADg=="
    }
  },
  "dependencies": {
    "encryptosumsimple": {
      "version": "0.1.5",
      "resolved": "https://registry.npmjs.org/encryptosumsimple/-/encryptosumsimple-0.1.5.tgz",
      "integrity": "sha512-vSNEH15eTSN4TVYCUe770L+n0ba1t78tWy6qegeirZfZT2H9SLyOjLbicwR57+3o95NrwrhWBdgwVKfyiMP5fA=="
    },
    "readline": {
      "version": "1.3.0",
      "resolved": "https://registry.npmjs.org/readline/-/readline-1.3.0.tgz",
      "integrity": "sha512-k2d6ACCkiNYz222Fs/iNze30rRJ1iIicW7JuX/7/cozvih6YCkFZH+J6mAFDVgv0dRBaAyr4jDqC95R2y4IADg=="
    }
  }
}
